<?xml version="1.0" encoding="utf-8"?>
<Project ToolsVersion="4.0" xmlns="http://schemas.microsoft.com/developer/msbuild/2003">
  <ItemGroup>
    <Filter Include="98. Default">
      <UniqueIdentifier>{4dc648c9-ae40-4cc5-8134-af55c8fb6eeb}</UniqueIdentifier>
    </Filter>
    <Filter Include="99. Define">
      <UniqueIdentifier>{7fc04a02-2253-471f-bf2c-877495711703}</UniqueIdentifier>
    </Filter>
    <Filter Include="00. MainApp">
      <UniqueIdentifier>{7e419f78-177b-4852-a953-a17c663f1661}</UniqueIdentifier>
    </Filter>
    <Filter Include="97. ShaderFiles">
      <UniqueIdentifier>{c305467f-1771-4b11-beda-1de0fac301c4}</UniqueIdentifier>
    </Filter>
    <Filter Include="01. GameSystem">
      <UniqueIdentifier>{26c768ce-5f71-4f70-8693-c65eca28a699}</UniqueIdentifier>
    </Filter>
    <Filter Include="02. Level">
      <UniqueIdentifier>{1a78b8cb-8cd8-4895-8eed-22806f0d8e2a}</UniqueIdentifier>
    </Filter>
    <Filter Include="03. GameObject">
      <UniqueIdentifier>{34e3b977-6fc9-49d2-80e1-a0c1b3ec0000}</UniqueIdentifier>
    </Filter>
    <Filter Include="02. Level\Loading">
      <UniqueIdentifier>{f4dec924-25cc-4b18-a4c5-cd13a5e0985c}</UniqueIdentifier>
    </Filter>
    <Filter Include="02. Level\Loader">
      <UniqueIdentifier>{cb5cb257-1010-476e-87c1-c8ac6d6ce126}</UniqueIdentifier>
    </Filter>
    <Filter Include="02. Level\Test">
      <UniqueIdentifier>{c0dcb699-8c85-429c-a81b-34377cf59e4d}</UniqueIdentifier>
    </Filter>
    <Filter Include="03. GameObject\Camera">
      <UniqueIdentifier>{dd8b6bac-b4ff-4177-952b-29df71ae01e9}</UniqueIdentifier>
    </Filter>
    <Filter Include="03. GameObject\Camera\Spring">
      <UniqueIdentifier>{8f28c818-5319-4968-8785-cdaee46b8e86}</UniqueIdentifier>
    </Filter>
    <Filter Include="03. GameObject\MapObject">
      <UniqueIdentifier>{ebe0fb22-91ec-4430-ae9e-0df8d362c45d}</UniqueIdentifier>
    </Filter>
    <Filter Include="03. GameObject\MapObject\Interact">
      <UniqueIdentifier>{70aae893-14ca-41ab-aa7f-88d1f95318bb}</UniqueIdentifier>
    </Filter>
    <Filter Include="93. Mouse">
      <UniqueIdentifier>{d8dd451b-49a6-491f-b81b-d466131e4cd1}</UniqueIdentifier>
    </Filter>
    <Filter Include="03. GameObject\Mouse">
      <UniqueIdentifier>{112247e6-15de-41a2-a26f-ab58f58bd91a}</UniqueIdentifier>
    </Filter>
    <Filter Include="94. Event">
      <UniqueIdentifier>{fd2a1759-dbbe-45d4-9b99-994a0c4dce91}</UniqueIdentifier>
    </Filter>
    <Filter Include="95. Parser">
      <UniqueIdentifier>{3e2f559c-08a5-4100-b97a-2b2ac8727d98}</UniqueIdentifier>
    </Filter>
    <Filter Include="03. GameObject\MapObject\ETC">
      <UniqueIdentifier>{acba7ede-bd84-4e2a-a4bd-3ddea09ae6cd}</UniqueIdentifier>
    </Filter>
    <Filter Include="03. GameObject\MapObject\Sonoro">
      <UniqueIdentifier>{54cb6c41-742b-49f5-97a7-4ccd10eb8887}</UniqueIdentifier>
    </Filter>
    <Filter Include="03. GameObject\Character">
      <UniqueIdentifier>{6a7a8fd9-23f5-455e-afc4-fca59299e41c}</UniqueIdentifier>
    </Filter>
    <Filter Include="03. GameObject\Character\Factory">
      <UniqueIdentifier>{d757f808-9875-47c4-9d23-e74d298e589c}</UniqueIdentifier>
    </Filter>
    <Filter Include="04. Component">
      <UniqueIdentifier>{ea0c2aa1-b6d5-4f71-89f9-194318718b8f}</UniqueIdentifier>
    </Filter>
  </ItemGroup>
  <ItemGroup>
    <ClCompile Include="Client.cpp">
      <Filter>98. Default</Filter>
    </ClCompile>
    <ClCompile Include="ClientPch.cpp">
      <Filter>99. Define</Filter>
    </ClCompile>
    <ClCompile Include="..\Private\MainApp.cpp">
      <Filter>00. MainApp</Filter>
    </ClCompile>
    <ClCompile Include="..\Private\GameSystem.cpp">
      <Filter>01. GameSystem</Filter>
    </ClCompile>
    <ClCompile Include="..\Private\MouseController.cpp">
      <Filter>93. Mouse</Filter>
    </ClCompile>
    <ClCompile Include="..\Private\Mouse.cpp">
      <Filter>03. GameObject\Mouse</Filter>
    </ClCompile>
    <ClCompile Include="..\Private\SpringCamera.cpp">
      <Filter>03. GameObject\Camera\Spring</Filter>
    </ClCompile>
    <ClCompile Include="..\Private\Level_Loading.cpp">
      <Filter>02. Level\Loading</Filter>
    </ClCompile>
    <ClCompile Include="..\Private\Level_Test.cpp">
      <Filter>02. Level\Test</Filter>
    </ClCompile>
    <ClCompile Include="..\Private\Loader.cpp">
      <Filter>02. Level\Loader</Filter>
    </ClCompile>
    <ClCompile Include="..\Private\Loader_Test.cpp">
      <Filter>02. Level\Loader</Filter>
    </ClCompile>
    <ClCompile Include="..\Private\Parser.cpp">
      <Filter>95. Parser</Filter>
    </ClCompile>
    <ClCompile Include="..\Private\Slide_Navigation.cpp">
      <Filter>03. GameObject\MapObject\ETC</Filter>
    </ClCompile>
    <ClCompile Include="..\Private\Spawner.cpp">
      <Filter>03. GameObject\MapObject\ETC</Filter>
    </ClCompile>
    <ClCompile Include="..\Private\Trigger_Box.cpp">
      <Filter>03. GameObject\MapObject\ETC</Filter>
    </ClCompile>
    <ClCompile Include="..\Private\Character.cpp">
      <Filter>03. GameObject\Character</Filter>
    </ClCompile>
    <ClCompile Include="..\Private\Traceur.cpp">
      <Filter>03. GameObject\Character</Filter>
    </ClCompile>
    <ClCompile Include="..\Private\TraceurFactory.cpp">
      <Filter>03. GameObject\Character\Factory</Filter>
    </ClCompile>
    <ClCompile Include="..\Private\MovementComponent.cpp">
      <Filter>04. Component</Filter>
    </ClCompile>
    <ClCompile Include="..\Private\MapObject.cpp">
      <Filter>03. GameObject\MapObject</Filter>
    </ClCompile>
  </ItemGroup>
  <ItemGroup>
    <ClInclude Include="Client.h">
      <Filter>98. Default</Filter>
    </ClInclude>
    <ClInclude Include="framework.h">
      <Filter>98. Default</Filter>
    </ClInclude>
    <ClInclude Include="Resource.h">
      <Filter>98. Default</Filter>
    </ClInclude>
    <ClInclude Include="targetver.h">
      <Filter>98. Default</Filter>
    </ClInclude>
    <ClInclude Include="..\Public\Client_Define.h">
      <Filter>99. Define</Filter>
    </ClInclude>
    <ClInclude Include="..\Public\MainApp.h">
      <Filter>00. MainApp</Filter>
    </ClInclude>
    <ClInclude Include="..\Public\Client_Enum.h">
      <Filter>99. Define</Filter>
    </ClInclude>
    <ClInclude Include="..\Public\Client_Struct.h">
      <Filter>99. Define</Filter>
    </ClInclude>
    <ClInclude Include="..\Public\Client_CharacterEnum.h">
      <Filter>99. Define</Filter>
    </ClInclude>
    <ClInclude Include="..\Public\GameSystem.h">
      <Filter>01. GameSystem</Filter>
    </ClInclude>
    <ClInclude Include="..\Public\MouseController.h">
      <Filter>93. Mouse</Filter>
    </ClInclude>
    <ClInclude Include="..\Public\Mouse.h">
      <Filter>03. GameObject\Mouse</Filter>
    </ClInclude>
    <ClInclude Include="..\Public\SpringCamera.h">
      <Filter>03. GameObject\Camera\Spring</Filter>
    </ClInclude>
    <ClInclude Include="..\Public\Event_Level.h">
      <Filter>94. Event</Filter>
    </ClInclude>
    <ClInclude Include="..\Public\Level_Loading.h">
      <Filter>02. Level\Loading</Filter>
    </ClInclude>
    <ClInclude Include="..\Public\Level_Test.h">
      <Filter>02. Level\Test</Filter>
    </ClInclude>
    <ClInclude Include="..\Public\Loader.h">
      <Filter>02. Level\Loader</Filter>
    </ClInclude>
    <ClInclude Include="..\Public\Loader_Test.h">
      <Filter>02. Level\Loader</Filter>
    </ClInclude>
    <ClInclude Include="..\Public\Parser.h">
      <Filter>95. Parser</Filter>
    </ClInclude>
    <ClInclude Include="..\Public\Slide_Navigation.h">
      <Filter>03. GameObject\MapObject\ETC</Filter>
    </ClInclude>
    <ClInclude Include="..\Public\Trigger_Box.h">
      <Filter>03. GameObject\MapObject\ETC</Filter>
    </ClInclude>
    <ClInclude Include="..\Public\Spawner.h">
      <Filter>03. GameObject\MapObject\ETC</Filter>
    </ClInclude>
    <ClInclude Include="..\Public\Character.h">
      <Filter>03. GameObject\Character</Filter>
    </ClInclude>
    <ClInclude Include="..\Public\Traceur.h">
      <Filter>03. GameObject\Character</Filter>
    </ClInclude>
    <ClInclude Include="..\Public\TraceurFactory.h">
      <Filter>03. GameObject\Character\Factory</Filter>
    </ClInclude>
    <ClInclude Include="ClientPch.h">
      <Filter>99. Define</Filter>
    </ClInclude>
    <ClInclude Include="..\Public\MovementComponent.h">
      <Filter>04. Component</Filter>
    </ClInclude>
    <ClInclude Include="..\Public\MapObject.h">
      <Filter>03. GameObject\MapObject</Filter>
    </ClInclude>
  </ItemGroup>
  <ItemGroup>
    <Image Include="Client.ico">
      <Filter>98. Default</Filter>
    </Image>
    <Image Include="small.ico">
      <Filter>98. Default</Filter>
    </Image>
  </ItemGroup>
  <ItemGroup>
    <ResourceCompile Include="Client.rc">
      <Filter>98. Default</Filter>
    </ResourceCompile>
  </ItemGroup>
  <ItemGroup>
    <FxCompile Include="..\Bin\ShaderFiles\Shader_VtxMesh_Instance.hlsl">
      <Filter>97. ShaderFiles</Filter>
    </FxCompile>
    <FxCompile Include="..\Bin\ShaderFiles\Shader_VtxMesh_Instance_FireFly.hlsl">
      <Filter>97. ShaderFiles</Filter>
    </FxCompile>
    <FxCompile Include="..\Bin\ShaderFiles\Shader_VtxPosTex.hlsl">
      <Filter>97. ShaderFiles</Filter>
    </FxCompile>
    <FxCompile Include="..\Bin\ShaderFiles\Shader_VtxPropAnimMesh.hlsl">
      <Filter>97. ShaderFiles</Filter>
    </FxCompile>
    <FxCompile Include="..\Bin\ShaderFiles\Shader_VtxSkyBox.hlsl">
      <Filter>97. ShaderFiles</Filter>
    </FxCompile>
    <FxCompile Include="..\Bin\ShaderFiles\Shader_VtxSkyBox_Heaven.hlsl">
      <Filter>97. ShaderFiles</Filter>
    </FxCompile>
    <FxCompile Include="..\Bin\ShaderFiles\Shader_VtxSkyBox_Logo.hlsl">
      <Filter>97. ShaderFiles</Filter>
    </FxCompile>
    <FxCompile Include="..\Bin\ShaderFiles\Shader_ComputeVtxAnimMesh.hlsl">
      <Filter>97. ShaderFiles</Filter>
    </FxCompile>
    <FxCompile Include="..\Bin\ShaderFiles\Shader_ComputeVtxAnimMesh_Skining.hlsl">
      <Filter>97. ShaderFiles</Filter>
    </FxCompile>
    <FxCompile Include="..\Bin\ShaderFiles\Shader_ComputeVtxAnimMeshCharacter.hlsl">
      <Filter>97. ShaderFiles</Filter>
    </FxCompile>
    <FxCompile Include="..\Bin\ShaderFiles\Shader_ComputeVtxAnimMeshFly.hlsl">
      <Filter>97. ShaderFiles</Filter>
    </FxCompile>
    <FxCompile Include="..\Bin\ShaderFiles\Shader_ComputeVtxAnimMeshNonRib.hlsl">
      <Filter>97. ShaderFiles</Filter>
    </FxCompile>
    <FxCompile Include="..\Bin\ShaderFiles\Shader_ComputeVtxAnimMorph.hlsl">
      <Filter>97. ShaderFiles</Filter>
    </FxCompile>
    <FxCompile Include="..\Bin\ShaderFiles\Shader_ComputeVtxInstance_AnimMesh.hlsl">
      <Filter>97. ShaderFiles</Filter>
    </FxCompile>
    <FxCompile Include="..\Bin\ShaderFiles\Shader_VtxAnimMesh.hlsl">
      <Filter>97. ShaderFiles</Filter>
    </FxCompile>
    <FxCompile Include="..\Bin\ShaderFiles\Shader_VtxAnimMesh_Instance.hlsl">
      <Filter>97. ShaderFiles</Filter>
    </FxCompile>
    <FxCompile Include="..\Bin\ShaderFiles\Shader_VtxMesh.hlsl">
      <Filter>97. ShaderFiles</Filter>
    </FxCompile>
  </ItemGroup>
</Project>