<?xml version="1.0" encoding="utf-8"?>
<Project ToolsVersion="4.0" xmlns="http://schemas.microsoft.com/developer/msbuild/2003">
  <ItemGroup>
    <Filter Include="98. Default">
      <UniqueIdentifier>{4dc648c9-ae40-4cc5-8134-af55c8fb6eeb}</UniqueIdentifier>
    </Filter>
    <Filter Include="99. Define">
      <UniqueIdentifier>{7fc04a02-2253-471f-bf2c-877495711703}</UniqueIdentifier>
    </Filter>
    <Filter Include="00. MainApp">
      <UniqueIdentifier>{7e419f78-177b-4852-a953-a17c663f1661}</UniqueIdentifier>
    </Filter>
    <Filter Include="97. ShaderFiles">
      <UniqueIdentifier>{c305467f-1771-4b11-beda-1de0fac301c4}</UniqueIdentifier>
    </Filter>
  </ItemGroup>
  <ItemGroup>
    <ClCompile Include="Client.cpp">
      <Filter>98. Default</Filter>
    </ClCompile>
    <ClCompile Include="ClientPch.cpp">
      <Filter>99. Define</Filter>
    </ClCompile>
    <ClCompile Include="..\Private\MainApp.cpp">
      <Filter>00. MainApp</Filter>
    </ClCompile>
  </ItemGroup>
  <ItemGroup>
    <ClInclude Include="Client.h">
      <Filter>98. Default</Filter>
    </ClInclude>
    <ClInclude Include="framework.h">
      <Filter>98. Default</Filter>
    </ClInclude>
    <ClInclude Include="Resource.h">
      <Filter>98. Default</Filter>
    </ClInclude>
    <ClInclude Include="targetver.h">
      <Filter>98. Default</Filter>
    </ClInclude>
    <ClInclude Include="ClientPch.h">
      <Filter>99. Define</Filter>
    </ClInclude>
    <ClInclude Include="..\Public\Client_Define.h">
      <Filter>99. Define</Filter>
    </ClInclude>
    <ClInclude Include="..\Public\MainApp.h">
      <Filter>00. MainApp</Filter>
    </ClInclude>
    <ClInclude Include="..\Public\Client_Enum.h">
      <Filter>99. Define</Filter>
    </ClInclude>
    <ClInclude Include="..\Public\Client_Struct.h">
      <Filter>99. Define</Filter>
    </ClInclude>
  </ItemGroup>
  <ItemGroup>
    <Image Include="Client.ico">
      <Filter>98. Default</Filter>
    </Image>
    <Image Include="small.ico">
      <Filter>98. Default</Filter>
    </Image>
  </ItemGroup>
  <ItemGroup>
    <ResourceCompile Include="Client.rc">
      <Filter>98. Default</Filter>
    </ResourceCompile>
  </ItemGroup>
  <ItemGroup>
    <FxCompile Include="..\Bin\ShaderFiles\Shader_VtxMesh_Instance.hlsl">
      <Filter>97. ShaderFiles</Filter>
    </FxCompile>
    <FxCompile Include="..\Bin\ShaderFiles\Shader_VtxMesh_Instance_FireFly.hlsl">
      <Filter>97. ShaderFiles</Filter>
    </FxCompile>
    <FxCompile Include="..\Bin\ShaderFiles\Shader_VtxPosTex.hlsl">
      <Filter>97. ShaderFiles</Filter>
    </FxCompile>
    <FxCompile Include="..\Bin\ShaderFiles\Shader_VtxPropAnimMesh.hlsl">
      <Filter>97. ShaderFiles</Filter>
    </FxCompile>
    <FxCompile Include="..\Bin\ShaderFiles\Shader_VtxSkyBox.hlsl">
      <Filter>97. ShaderFiles</Filter>
    </FxCompile>
    <FxCompile Include="..\Bin\ShaderFiles\Shader_VtxSkyBox_Heaven.hlsl">
      <Filter>97. ShaderFiles</Filter>
    </FxCompile>
    <FxCompile Include="..\Bin\ShaderFiles\Shader_VtxSkyBox_Logo.hlsl">
      <Filter>97. ShaderFiles</Filter>
    </FxCompile>
    <FxCompile Include="..\Bin\ShaderFiles\Shader_ComputeVtxAnimMesh.hlsl">
      <Filter>97. ShaderFiles</Filter>
    </FxCompile>
    <FxCompile Include="..\Bin\ShaderFiles\Shader_ComputeVtxAnimMesh_Skining.hlsl">
      <Filter>97. ShaderFiles</Filter>
    </FxCompile>
    <FxCompile Include="..\Bin\ShaderFiles\Shader_ComputeVtxAnimMeshCharacter.hlsl">
      <Filter>97. ShaderFiles</Filter>
    </FxCompile>
    <FxCompile Include="..\Bin\ShaderFiles\Shader_ComputeVtxAnimMeshFly.hlsl">
      <Filter>97. ShaderFiles</Filter>
    </FxCompile>
    <FxCompile Include="..\Bin\ShaderFiles\Shader_ComputeVtxAnimMeshNonRib.hlsl">
      <Filter>97. ShaderFiles</Filter>
    </FxCompile>
    <FxCompile Include="..\Bin\ShaderFiles\Shader_ComputeVtxAnimMorph.hlsl">
      <Filter>97. ShaderFiles</Filter>
    </FxCompile>
    <FxCompile Include="..\Bin\ShaderFiles\Shader_ComputeVtxInstance_AnimMesh.hlsl">
      <Filter>97. ShaderFiles</Filter>
    </FxCompile>
    <FxCompile Include="..\Bin\ShaderFiles\Shader_VtxAnimMesh.hlsl">
      <Filter>97. ShaderFiles</Filter>
    </FxCompile>
    <FxCompile Include="..\Bin\ShaderFiles\Shader_VtxAnimMesh_Instance.hlsl">
      <Filter>97. ShaderFiles</Filter>
    </FxCompile>
    <FxCompile Include="..\Bin\ShaderFiles\Shader_VtxMesh.hlsl">
      <Filter>97. ShaderFiles</Filter>
    </FxCompile>
  </ItemGroup>
</Project>